// !$*UTF8*$!
{
	archiveVersion = 1;
	classes = {
	};
	objectVersion = 55;
	objects = {

/* Begin PBXBuildFile section */
		3E5345A2283044BD00A6595D /* Extensions.swift in Sources */ = {isa = PBXBuildFile; fileRef = 3E5345A1283044BD00A6595D /* Extensions.swift */; };
		3E918BA6280B8AA500AD0C41 /* EventsCalendarManager.swift in Sources */ = {isa = PBXBuildFile; fileRef = 3E918BA5280B8AA500AD0C41 /* EventsCalendarManager.swift */; };
		3EB15D002826FF5500A89798 /* FSCalendar in Frameworks */ = {isa = PBXBuildFile; productRef = 3EB15CFF2826FF5500A89798 /* FSCalendar */; };
		3EB15D02282702BB00A89798 /* MainViewController.swift in Sources */ = {isa = PBXBuildFile; fileRef = 3EB15D01282702BB00A89798 /* MainViewController.swift */; };
		3ECFDF38278BCB6A00CBF172 /* AppDelegate.swift in Sources */ = {isa = PBXBuildFile; fileRef = 3ECFDF37278BCB6A00CBF172 /* AppDelegate.swift */; };
		3ECFDF3A278BCB6A00CBF172 /* SceneDelegate.swift in Sources */ = {isa = PBXBuildFile; fileRef = 3ECFDF39278BCB6A00CBF172 /* SceneDelegate.swift */; };
		3ECFDF3C278BCB6A00CBF172 /* EventViewController.swift in Sources */ = {isa = PBXBuildFile; fileRef = 3ECFDF3B278BCB6A00CBF172 /* EventViewController.swift */; };
		3ECFDF3F278BCB6A00CBF172 /* Main.storyboard in Resources */ = {isa = PBXBuildFile; fileRef = 3ECFDF3D278BCB6A00CBF172 /* Main.storyboard */; };
		3ECFDF41278BCB6C00CBF172 /* Assets.xcassets in Resources */ = {isa = PBXBuildFile; fileRef = 3ECFDF40278BCB6C00CBF172 /* Assets.xcassets */; };
		3ECFDF44278BCB6C00CBF172 /* LaunchScreen.storyboard in Resources */ = {isa = PBXBuildFile; fileRef = 3ECFDF42278BCB6C00CBF172 /* LaunchScreen.storyboard */; };
/* End PBXBuildFile section */

/* Begin PBXFileReference section */
		3E5345A1283044BD00A6595D /* Extensions.swift */ = {isa = PBXFileReference; lastKnownFileType = sourcecode.swift; path = Extensions.swift; sourceTree = "<group>"; };
		3E918BA5280B8AA500AD0C41 /* EventsCalendarManager.swift */ = {isa = PBXFileReference; lastKnownFileType = sourcecode.swift; path = EventsCalendarManager.swift; sourceTree = "<group>"; };
		3EB15D01282702BB00A89798 /* MainViewController.swift */ = {isa = PBXFileReference; lastKnownFileType = sourcecode.swift; path = MainViewController.swift; sourceTree = "<group>"; };
		3ECFDF34278BCB6A00CBF172 /* kCalendarCopy.app */ = {isa = PBXFileReference; explicitFileType = wrapper.application; includeInIndex = 0; path = kCalendarCopy.app; sourceTree = BUILT_PRODUCTS_DIR; };
		3ECFDF37278BCB6A00CBF172 /* AppDelegate.swift */ = {isa = PBXFileReference; lastKnownFileType = sourcecode.swift; path = AppDelegate.swift; sourceTree = "<group>"; };
		3ECFDF39278BCB6A00CBF172 /* SceneDelegate.swift */ = {isa = PBXFileReference; lastKnownFileType = sourcecode.swift; path = SceneDelegate.swift; sourceTree = "<group>"; };
		3ECFDF3B278BCB6A00CBF172 /* EventViewController.swift */ = {isa = PBXFileReference; lastKnownFileType = sourcecode.swift; path = EventViewController.swift; sourceTree = "<group>"; };
		3ECFDF3E278BCB6A00CBF172 /* Base */ = {isa = PBXFileReference; lastKnownFileType = file.storyboard; name = Base; path = Base.lproj/Main.storyboard; sourceTree = "<group>"; };
		3ECFDF40278BCB6C00CBF172 /* Assets.xcassets */ = {isa = PBXFileReference; lastKnownFileType = folder.assetcatalog; path = Assets.xcassets; sourceTree = "<group>"; };
		3ECFDF43278BCB6C00CBF172 /* Base */ = {isa = PBXFileReference; lastKnownFileType = file.storyboard; name = Base; path = Base.lproj/LaunchScreen.storyboard; sourceTree = "<group>"; };
		3ECFDF45278BCB6C00CBF172 /* Info.plist */ = {isa = PBXFileReference; lastKnownFileType = text.plist.xml; path = Info.plist; sourceTree = "<group>"; };
/* End PBXFileReference section */

/* Begin PBXFrameworksBuildPhase section */
		3ECFDF31278BCB6A00CBF172 /* Frameworks */ = {
			isa = PBXFrameworksBuildPhase;
			buildActionMask = 2147483647;
			files = (
				3EB15D002826FF5500A89798 /* FSCalendar in Frameworks */,
			);
			runOnlyForDeploymentPostprocessing = 0;
		};
/* End PBXFrameworksBuildPhase section */

/* Begin PBXGroup section */
		3ECFDF2B278BCB6A00CBF172 = {
			isa = PBXGroup;
			children = (
				3ECFDF36278BCB6A00CBF172 /* kCalendarCopy */,
				3ECFDF35278BCB6A00CBF172 /* Products */,
			);
			sourceTree = "<group>";
		};
		3ECFDF35278BCB6A00CBF172 /* Products */ = {
			isa = PBXGroup;
			children = (
				3ECFDF34278BCB6A00CBF172 /* kCalendarCopy.app */,
			);
			name = Products;
			sourceTree = "<group>";
		};
		3ECFDF36278BCB6A00CBF172 /* kCalendarCopy */ = {
			isa = PBXGroup;
			children = (
				3ECFDF37278BCB6A00CBF172 /* AppDelegate.swift */,
				3ECFDF39278BCB6A00CBF172 /* SceneDelegate.swift */,
				3EB15D01282702BB00A89798 /* MainViewController.swift */,
				3ECFDF3B278BCB6A00CBF172 /* EventViewController.swift */,
				3E918BA5280B8AA500AD0C41 /* EventsCalendarManager.swift */,
				3E5345A1283044BD00A6595D /* Extensions.swift */,
				3ECFDF3D278BCB6A00CBF172 /* Main.storyboard */,
				3ECFDF40278BCB6C00CBF172 /* Assets.xcassets */,
				3ECFDF42278BCB6C00CBF172 /* LaunchScreen.storyboard */,
				3ECFDF45278BCB6C00CBF172 /* Info.plist */,
			);
			path = kCalendarCopy;
			sourceTree = "<group>";
		};
/* End PBXGroup section */

/* Begin PBXNativeTarget section */
		3ECFDF33278BCB6A00CBF172 /* kCalendarCopy */ = {
			isa = PBXNativeTarget;
			buildConfigurationList = 3ECFDF48278BCB6C00CBF172 /* Build configuration list for PBXNativeTarget "kCalendarCopy" */;
			buildPhases = (
				3ECFDF30278BCB6A00CBF172 /* Sources */,
				3ECFDF31278BCB6A00CBF172 /* Frameworks */,
				3ECFDF32278BCB6A00CBF172 /* Resources */,
			);
			buildRules = (
			);
			dependencies = (
			);
			name = kCalendarCopy;
			packageProductDependencies = (
				3EB15CFF2826FF5500A89798 /* FSCalendar */,
			);
			productName = kCalendarCopy;
			productReference = 3ECFDF34278BCB6A00CBF172 /* kCalendarCopy.app */;
			productType = "com.apple.product-type.application";
		};
/* End PBXNativeTarget section */

/* Begin PBXProject section */
		3ECFDF2C278BCB6A00CBF172 /* Project object */ = {
			isa = PBXProject;
			attributes = {
				BuildIndependentTargetsInParallel = 1;
				LastSwiftUpdateCheck = 1320;
				LastUpgradeCheck = 1320;
				TargetAttributes = {
					3ECFDF33278BCB6A00CBF172 = {
						CreatedOnToolsVersion = 13.2.1;
					};
				};
			};
			buildConfigurationList = 3ECFDF2F278BCB6A00CBF172 /* Build configuration list for PBXProject "kCalendarCopy" */;
			compatibilityVersion = "Xcode 13.0";
			developmentRegion = en;
			hasScannedForEncodings = 0;
			knownRegions = (
				en,
				Base,
			);
			mainGroup = 3ECFDF2B278BCB6A00CBF172;
			packageReferences = (
				3EB15CFE2826FF5500A89798 /* XCRemoteSwiftPackageReference "FSCalendar" */,
			);
			productRefGroup = 3ECFDF35278BCB6A00CBF172 /* Products */;
			projectDirPath = "";
			projectRoot = "";
			targets = (
				3ECFDF33278BCB6A00CBF172 /* kCalendarCopy */,
			);
		};
/* End PBXProject section */

/* Begin PBXResourcesBuildPhase section */
		3ECFDF32278BCB6A00CBF172 /* Resources */ = {
			isa = PBXResourcesBuildPhase;
			buildActionMask = 2147483647;
			files = (
				3ECFDF44278BCB6C00CBF172 /* LaunchScreen.storyboard in Resources */,
				3ECFDF41278BCB6C00CBF172 /* Assets.xcassets in Resources */,
				3ECFDF3F278BCB6A00CBF172 /* Main.storyboard in Resources */,
			);
			runOnlyForDeploymentPostprocessing = 0;
		};
/* End PBXResourcesBuildPhase section */

/* Begin PBXSourcesBuildPhase section */
		3ECFDF30278BCB6A00CBF172 /* Sources */ = {
			isa = PBXSourcesBuildPhase;
			buildActionMask = 2147483647;
			files = (
				3E918BA6280B8AA500AD0C41 /* EventsCalendarManager.swift in Sources */,
				3E5345A2283044BD00A6595D /* Extensions.swift in Sources */,
				3ECFDF3C278BCB6A00CBF172 /* EventViewController.swift in Sources */,
				3ECFDF38278BCB6A00CBF172 /* AppDelegate.swift in Sources */,
				3ECFDF3A278BCB6A00CBF172 /* SceneDelegate.swift in Sources */,
				3EB15D02282702BB00A89798 /* MainViewController.swift in Sources */,
			);
			runOnlyForDeploymentPostprocessing = 0;
		};
/* End PBXSourcesBuildPhase section */

/* Begin PBXVariantGroup section */
		3ECFDF3D278BCB6A00CBF172 /* Main.storyboard */ = {
			isa = PBXVariantGroup;
			children = (
				3ECFDF3E278BCB6A00CBF172 /* Base */,
			);
			name = Main.storyboard;
			sourceTree = "<group>";
		};
		3ECFDF42278BCB6C00CBF172 /* LaunchScreen.storyboard */ = {
			isa = PBXVariantGroup;
			children = (
				3ECFDF43278BCB6C00CBF172 /* Base */,
			);
			name = LaunchScreen.storyboard;
			sourceTree = "<group>";
		};
/* End PBXVariantGroup section */

/* Begin XCBuildConfiguration section */
		3ECFDF46278BCB6C00CBF172 /* Debug */ = {
			isa = XCBuildConfiguration;
			buildSettings = {
				ALWAYS_SEARCH_USER_PATHS = NO;
				CLANG_ANALYZER_NONNULL = YES;
				CLANG_ANALYZER_NUMBER_OBJECT_CONVERSION = YES_AGGRESSIVE;
				CLANG_CXX_LANGUAGE_STANDARD = "gnu++17";
				CLANG_CXX_LIBRARY = "libc++";
				CLANG_ENABLE_MODULES = YES;
				CLANG_ENABLE_OBJC_ARC = YES;
				CLANG_ENABLE_OBJC_WEAK = YES;
				CLANG_WARN_BLOCK_CAPTURE_AUTORELEASING = YES;
				CLANG_WARN_BOOL_CONVERSION = YES;
				CLANG_WARN_COMMA = YES;
				CLANG_WARN_CONSTANT_CONVERSION = YES;
				CLANG_WARN_DEPRECATED_OBJC_IMPLEMENTATIONS = YES;
				CLANG_WARN_DIRECT_OBJC_ISA_USAGE = YES_ERROR;
				CLANG_WARN_DOCUMENTATION_COMMENTS = YES;
				CLANG_WARN_EMPTY_BODY = YES;
				CLANG_WARN_ENUM_CONVERSION = YES;
				CLANG_WARN_INFINITE_RECURSION = YES;
				CLANG_WARN_INT_CONVERSION = YES;
				CLANG_WARN_NON_LITERAL_NULL_CONVERSION = YES;
				CLANG_WARN_OBJC_IMPLICIT_RETAIN_SELF = YES;
				CLANG_WARN_OBJC_LITERAL_CONVERSION = YES;
				CLANG_WARN_OBJC_ROOT_CLASS = YES_ERROR;
				CLANG_WARN_QUOTED_INCLUDE_IN_FRAMEWORK_HEADER = YES;
				CLANG_WARN_RANGE_LOOP_ANALYSIS = YES;
				CLANG_WARN_STRICT_PROTOTYPES = YES;
				CLANG_WARN_SUSPICIOUS_MOVE = YES;
				CLANG_WARN_UNGUARDED_AVAILABILITY = YES_AGGRESSIVE;
				CLANG_WARN_UNREACHABLE_CODE = YES;
				CLANG_WARN__DUPLICATE_METHOD_MATCH = YES;
				COPY_PHASE_STRIP = NO;
				DEBUG_INFORMATION_FORMAT = dwarf;
				ENABLE_STRICT_OBJC_MSGSEND = YES;
				ENABLE_TESTABILITY = YES;
				GCC_C_LANGUAGE_STANDARD = gnu11;
				GCC_DYNAMIC_NO_PIC = NO;
				GCC_NO_COMMON_BLOCKS = YES;
				GCC_OPTIMIZATION_LEVEL = 0;
				GCC_PREPROCESSOR_DEFINITIONS = (
					"DEBUG=1",
					"$(inherited)",
				);
				GCC_WARN_64_TO_32_BIT_CONVERSION = YES;
				GCC_WARN_ABOUT_RETURN_TYPE = YES_ERROR;
				GCC_WARN_UNDECLARED_SELECTOR = YES;
				GCC_WARN_UNINITIALIZED_AUTOS = YES_AGGRESSIVE;
				GCC_WARN_UNUSED_FUNCTION = YES;
				GCC_WARN_UNUSED_VARIABLE = YES;
				IPHONEOS_DEPLOYMENT_TARGET = 15.2;
				MTL_ENABLE_DEBUG_INFO = INCLUDE_SOURCE;
				MTL_FAST_MATH = YES;
				ONLY_ACTIVE_ARCH = YES;
				SDKROOT = iphoneos;
				SWIFT_ACTIVE_COMPILATION_CONDITIONS = DEBUG;
				SWIFT_OPTIMIZATION_LEVEL = "-Onone";
			};
			name = Debug;
		};
		3ECFDF47278BCB6C00CBF172 /* Release */ = {
			isa = XCBuildConfiguration;
			buildSettings = {
				ALWAYS_SEARCH_USER_PATHS = NO;
				CLANG_ANALYZER_NONNULL = YES;
				CLANG_ANALYZER_NUMBER_OBJECT_CONVERSION = YES_AGGRESSIVE;
				CLANG_CXX_LANGUAGE_STANDARD = "gnu++17";
				CLANG_CXX_LIBRARY = "libc++";
				CLANG_ENABLE_MODULES = YES;
				CLANG_ENABLE_OBJC_ARC = YES;
				CLANG_ENABLE_OBJC_WEAK = YES;
				CLANG_WARN_BLOCK_CAPTURE_AUTORELEASING = YES;
				CLANG_WARN_BOOL_CONVERSION = YES;
				CLANG_WARN_COMMA = YES;
				CLANG_WARN_CONSTANT_CONVERSION = YES;
				CLANG_WARN_DEPRECATED_OBJC_IMPLEMENTATIONS = YES;
				CLANG_WARN_DIRECT_OBJC_ISA_USAGE = YES_ERROR;
				CLANG_WARN_DOCUMENTATION_COMMENTS = YES;
				CLANG_WARN_EMPTY_BODY = YES;
				CLANG_WARN_ENUM_CONVERSION = YES;
				CLANG_WARN_INFINITE_RECURSION = YES;
				CLANG_WARN_INT_CONVERSION = YES;
				CLANG_WARN_NON_LITERAL_NULL_CONVERSION = YES;
				CLANG_WARN_OBJC_IMPLICIT_RETAIN_SELF = YES;
				CLANG_WARN_OBJC_LITERAL_CONVERSION = YES;
				CLANG_WARN_OBJC_ROOT_CLASS = YES_ERROR;
				CLANG_WARN_QUOTED_INCLUDE_IN_FRAMEWORK_HEADER = YES;
				CLANG_WARN_RANGE_LOOP_ANALYSIS = YES;
				CLANG_WARN_STRICT_PROTOTYPES = YES;
				CLANG_WARN_SUSPICIOUS_MOVE = YES;
				CLANG_WARN_UNGUARDED_AVAILABILITY = YES_AGGRESSIVE;
				CLANG_WARN_UNREACHABLE_CODE = YES;
				CLANG_WARN__DUPLICATE_METHOD_MATCH = YES;
				COPY_PHASE_STRIP = NO;
				DEBUG_INFORMATION_FORMAT = "dwarf-with-dsym";
				ENABLE_NS_ASSERTIONS = NO;
				ENABLE_STRICT_OBJC_MSGSEND = YES;
				GCC_C_LANGUAGE_STANDARD = gnu11;
				GCC_NO_COMMON_BLOCKS = YES;
				GCC_WARN_64_TO_32_BIT_CONVERSION = YES;
				GCC_WARN_ABOUT_RETURN_TYPE = YES_ERROR;
				GCC_WARN_UNDECLARED_SELECTOR = YES;
				GCC_WARN_UNINITIALIZED_AUTOS = YES_AGGRESSIVE;
				GCC_WARN_UNUSED_FUNCTION = YES;
				GCC_WARN_UNUSED_VARIABLE = YES;
				IPHONEOS_DEPLOYMENT_TARGET = 15.2;
				MTL_ENABLE_DEBUG_INFO = NO;
				MTL_FAST_MATH = YES;
				SDKROOT = iphoneos;
				SWIFT_COMPILATION_MODE = wholemodule;
				SWIFT_OPTIMIZATION_LEVEL = "-O";
				VALIDATE_PRODUCT = YES;
			};
			name = Release;
		};
		3ECFDF49278BCB6C00CBF172 /* Debug */ = {
			isa = XCBuildConfiguration;
			buildSettings = {
				ASSETCATALOG_COMPILER_APPICON_NAME = AppIcon;
				ASSETCATALOG_COMPILER_GLOBAL_ACCENT_COLOR_NAME = AccentColor;
				CODE_SIGN_STYLE = Automatic;
				CURRENT_PROJECT_VERSION = 1;
				DEVELOPMENT_TEAM = GP93S94LLX;
				GENERATE_INFOPLIST_FILE = YES;
				INFOPLIST_FILE = kCalendarCopy/Info.plist;
				INFOPLIST_KEY_NSCalendarsUsageDescription = "Please allow kCalendarCopy access to your calendars";
				INFOPLIST_KEY_NSContactsUsageDescription = "Please allow kCalendarCopy access to your contacts";
				INFOPLIST_KEY_UIApplicationSupportsIndirectInputEvents = YES;
				INFOPLIST_KEY_UILaunchStoryboardName = LaunchScreen;
				INFOPLIST_KEY_UIMainStoryboardFile = Main;
				INFOPLIST_KEY_UISupportedInterfaceOrientations = UIInterfaceOrientationPortrait;
				INFOPLIST_KEY_UISupportedInterfaceOrientations_iPad = "UIInterfaceOrientationPortrait UIInterfaceOrientationPortraitUpsideDown UIInterfaceOrientationLandscapeLeft UIInterfaceOrientationLandscapeRight";
				INFOPLIST_KEY_UISupportedInterfaceOrientations_iPhone = "UIInterfaceOrientationPortrait UIInterfaceOrientationLandscapeLeft UIInterfaceOrientationLandscapeRight";
				LD_RUNPATH_SEARCH_PATHS = (
					"$(inherited)",
					"@executable_path/Frameworks",
				);
				MARKETING_VERSION = 1.0;
				PRODUCT_BUNDLE_IDENTIFIER = com.polleck.kCalendarCopy;
				PRODUCT_NAME = "$(TARGET_NAME)";
				SWIFT_EMIT_LOC_STRINGS = YES;
				SWIFT_VERSION = 5.0;
				TARGETED_DEVICE_FAMILY = "1,2";
			};
			name = Debug;
		};
		3ECFDF4A278BCB6C00CBF172 /* Release */ = {
			isa = XCBuildConfiguration;
			buildSettings = {
				ASSETCATALOG_COMPILER_APPICON_NAME = AppIcon;
				ASSETCATALOG_COMPILER_GLOBAL_ACCENT_COLOR_NAME = AccentColor;
				CODE_SIGN_STYLE = Automatic;
				CURRENT_PROJECT_VERSION = 1;
				DEVELOPMENT_TEAM = GP93S94LLX;
				GENERATE_INFOPLIST_FILE = YES;
				INFOPLIST_FILE = kCalendarCopy/Info.plist;
				INFOPLIST_KEY_NSCalendarsUsageDescription = "Please allow kCalendarCopy access to your calendars";
				INFOPLIST_KEY_NSContactsUsageDescription = "Please allow kCalendarCopy access to your contacts";
				INFOPLIST_KEY_UIApplicationSupportsIndirectInputEvents = YES;
				INFOPLIST_KEY_UILaunchStoryboardName = LaunchScreen;
				INFOPLIST_KEY_UIMainStoryboardFile = Main;
				INFOPLIST_KEY_UISupportedInterfaceOrientations = UIInterfaceOrientationPortrait;
				INFOPLIST_KEY_UISupportedInterfaceOrientations_iPad = "UIInterfaceOrientationPortrait UIInterfaceOrientationPortraitUpsideDown UIInterfaceOrientationLandscapeLeft UIInterfaceOrientationLandscapeRight";
				INFOPLIST_KEY_UISupportedInterfaceOrientations_iPhone = "UIInterfaceOrientationPortrait UIInterfaceOrientationLandscapeLeft UIInterfaceOrientationLandscapeRight";
				LD_RUNPATH_SEARCH_PATHS = (
					"$(inherited)",
					"@executable_path/Frameworks",
				);
				MARKETING_VERSION = 1.0;
				PRODUCT_BUNDLE_IDENTIFIER = com.polleck.kCalendarCopy;
				PRODUCT_NAME = "$(TARGET_NAME)";
				SWIFT_EMIT_LOC_STRINGS = YES;
				SWIFT_VERSION = 5.0;
				TARGETED_DEVICE_FAMILY = "1,2";
			};
			name = Release;
		};
/* End XCBuildConfiguration section */

/* Begin XCConfigurationList section */
		3ECFDF2F278BCB6A00CBF172 /* Build configuration list for PBXProject "kCalendarCopy" */ = {
			isa = XCConfigurationList;
			buildConfigurations = (
				3ECFDF46278BCB6C00CBF172 /* Debug */,
				3ECFDF47278BCB6C00CBF172 /* Release */,
			);
			defaultConfigurationIsVisible = 0;
			defaultConfigurationName = Release;
		};
		3ECFDF48278BCB6C00CBF172 /* Build configuration list for PBXNativeTarget "kCalendarCopy" */ = {
			isa = XCConfigurationList;
			buildConfigurations = (
				3ECFDF49278BCB6C00CBF172 /* Debug */,
				3ECFDF4A278BCB6C00CBF172 /* Release */,
			);
			defaultConfigurationIsVisible = 0;
			defaultConfigurationName = Release;
		};
/* End XCConfigurationList section */

/* Begin XCRemoteSwiftPackageReference section */
		3EB15CFE2826FF5500A89798 /* XCRemoteSwiftPackageReference "FSCalendar" */ = {
			isa = XCRemoteSwiftPackageReference;
			repositoryURL = "https://github.com/WenchaoD/FSCalendar";
			requirement = {
				kind = upToNextMajorVersion;
				minimumVersion = 2.0.0;
			};
		};
/* End XCRemoteSwiftPackageReference section */

/* Begin XCSwiftPackageProductDependency section */
		3EB15CFF2826FF5500A89798 /* FSCalendar */ = {
			isa = XCSwiftPackageProductDependency;
			package = 3EB15CFE2826FF5500A89798 /* XCRemoteSwiftPackageReference "FSCalendar" */;
			productName = FSCalendar;
		};
/* End XCSwiftPackageProductDependency section */
	};
	rootObject = 3ECFDF2C278BCB6A00CBF172 /* Project object */;
}
